
Microsoft Visual Studio Solution File, Format Version 12.00
# Visual Studio Version 17
VisualStudioVersion = 17.2.32526.322
MinimumVisualStudioVersion = 10.0.40219.1
Project("{FAE04EC0-301F-11D3-BF4B-00C04F79EFBC}") = "Orchard.Web.App", "Orchard.Web.App\Orchard.Web.App.csproj", "{3865CB75-A206-4FB0-9310-3905A050CF2D}"
EndProject
Project("{2150E333-8FDC-42A3-9474-1A3956D46DE8}") = "Themes", "Themes", "{756B0623-5278-4999-8975-07D10094F95E}"
EndProject
Project("{9A19103F-16F7-4668-BE54-9A1E7A4F7556}") = "Onefourseven.AdminKit.Free", "Themes\Onefourseven.AdminKit.Free\Onefourseven.AdminKit.Free.csproj", "{A9EA02E9-5FC5-4AA1-A39F-7CB3B9FE2A23}"
EndProject
Global
	GlobalSection(SolutionConfigurationPlatforms) = preSolution
		Debug|Any CPU = Debug|Any CPU
		Release|Any CPU = Release|Any CPU
	EndGlobalSection
	GlobalSection(ProjectConfigurationPlatforms) = postSolution
		{3865CB75-A206-4FB0-9310-3905A050CF2D}.Debug|Any CPU.ActiveCfg = Debug|Any CPU
		{3865CB75-A206-4FB0-9310-3905A050CF2D}.Debug|Any CPU.Build.0 = Debug|Any CPU
		{3865CB75-A206-4FB0-9310-3905A050CF2D}.Release|Any CPU.ActiveCfg = Release|Any CPU
		{3865CB75-A206-4FB0-9310-3905A050CF2D}.Release|Any CPU.Build.0 = Release|Any CPU
		{A9EA02E9-5FC5-4AA1-A39F-7CB3B9FE2A23}.Debug|Any CPU.ActiveCfg = Debug|Any CPU
		{A9EA02E9-5FC5-4AA1-A39F-7CB3B9FE2A23}.Debug|Any CPU.Build.0 = Debug|Any CPU
		{A9EA02E9-5FC5-4AA1-A39F-7CB3B9FE2A23}.Release|Any CPU.ActiveCfg = Release|Any CPU
		{A9EA02E9-5FC5-4AA1-A39F-7CB3B9FE2A23}.Release|Any CPU.Build.0 = Release|Any CPU
	EndGlobalSection
	GlobalSection(SolutionProperties) = preSolution
		HideSolutionNode = FALSE
	EndGlobalSection
	GlobalSection(NestedProjects) = preSolution
		{A9EA02E9-5FC5-4AA1-A39F-7CB3B9FE2A23} = {756B0623-5278-4999-8975-07D10094F95E}
	EndGlobalSection
	GlobalSection(ExtensibilityGlobals) = postSolution
		SolutionGuid = {06CF8D65-C72A-4414-85D8-5AE3E29CA5CC}
	EndGlobalSection
EndGlobal
